
Microsoft Visual Studio Solution File, Format Version 12.00
# Visual Studio Version 16
VisualStudioVersion = 16.0.29709.97
MinimumVisualStudioVersion = 10.0.40219.1
Project("{9A19103F-16F7-4668-BE54-9A1E7A4F7556}") = "ReceiveLogsTopic", "ReceiveLogsTopic.csproj", "{CD1DA694-E7C5-41E4-9055-6B6D84C735D3}"
EndProject
Global
	GlobalSection(SolutionConfigurationPlatforms) = preSolution
		Debug|Any CPU = Debug|Any CPU
		Release|Any CPU = Release|Any CPU
	EndGlobalSection
	GlobalSection(ProjectConfigurationPlatforms) = postSolution
		{CD1DA694-E7C5-41E4-9055-6B6D84C735D3}.Debug|Any CPU.ActiveCfg = Debug|Any CPU
		{CD1DA694-E7C5-41E4-9055-6B6D84C735D3}.Debug|Any CPU.Build.0 = Debug|Any CPU
		{CD1DA694-E7C5-41E4-9055-6B6D84C735D3}.Release|Any CPU.ActiveCfg = Release|Any CPU
		{CD1DA694-E7C5-41E4-9055-6B6D84C735D3}.Release|Any CPU.Build.0 = Release|Any CPU
	EndGlobalSection
	GlobalSection(SolutionProperties) = preSolution
		HideSolutionNode = FALSE
	EndGlobalSection
	GlobalSection(ExtensibilityGlobals) = postSolution
		SolutionGuid = {7AD96DFA-0DBB-411F-B119-D1F59D79F901}
	EndGlobalSection
EndGlobal
