
Microsoft Visual Studio Solution File, Format Version 12.00
# Visual Studio Version 16
VisualStudioVersion = 16.0.29709.97
MinimumVisualStudioVersion = 10.0.40219.1
Project("{9A19103F-16F7-4668-BE54-9A1E7A4F7556}") = "ReceiveLogs", "ReceiveLogs.csproj", "{F98C1611-7838-46D5-90A6-70B226EC8B02}"
EndProject
Global
	GlobalSection(SolutionConfigurationPlatforms) = preSolution
		Debug|Any CPU = Debug|Any CPU
		Release|Any CPU = Release|Any CPU
	EndGlobalSection
	GlobalSection(ProjectConfigurationPlatforms) = postSolution
		{F98C1611-7838-46D5-90A6-70B226EC8B02}.Debug|Any CPU.ActiveCfg = Debug|Any CPU
		{F98C1611-7838-46D5-90A6-70B226EC8B02}.Debug|Any CPU.Build.0 = Debug|Any CPU
		{F98C1611-7838-46D5-90A6-70B226EC8B02}.Release|Any CPU.ActiveCfg = Release|Any CPU
		{F98C1611-7838-46D5-90A6-70B226EC8B02}.Release|Any CPU.Build.0 = Release|Any CPU
	EndGlobalSection
	GlobalSection(SolutionProperties) = preSolution
		HideSolutionNode = FALSE
	EndGlobalSection
	GlobalSection(ExtensibilityGlobals) = postSolution
		SolutionGuid = {C271948B-414E-4757-88A5-BD20CE671CE4}
	EndGlobalSection
EndGlobal
