
Microsoft Visual Studio Solution File, Format Version 12.00
# Visual Studio Version 16
VisualStudioVersion = 16.0.29709.97
MinimumVisualStudioVersion = 10.0.40219.1
Project("{9A19103F-16F7-4668-BE54-9A1E7A4F7556}") = "Worker", "Worker.csproj", "{E53398C3-12B5-424A-974B-59F315F9074E}"
EndProject
Global
	GlobalSection(SolutionConfigurationPlatforms) = preSolution
		Debug|Any CPU = Debug|Any CPU
		Release|Any CPU = Release|Any CPU
	EndGlobalSection
	GlobalSection(ProjectConfigurationPlatforms) = postSolution
		{E53398C3-12B5-424A-974B-59F315F9074E}.Debug|Any CPU.ActiveCfg = Debug|Any CPU
		{E53398C3-12B5-424A-974B-59F315F9074E}.Debug|Any CPU.Build.0 = Debug|Any CPU
		{E53398C3-12B5-424A-974B-59F315F9074E}.Release|Any CPU.ActiveCfg = Release|Any CPU
		{E53398C3-12B5-424A-974B-59F315F9074E}.Release|Any CPU.Build.0 = Release|Any CPU
	EndGlobalSection
	GlobalSection(SolutionProperties) = preSolution
		HideSolutionNode = FALSE
	EndGlobalSection
	GlobalSection(ExtensibilityGlobals) = postSolution
		SolutionGuid = {454D4066-7CE6-4018-B299-78E060E85429}
	EndGlobalSection
EndGlobal
